
Microsoft Visual Studio Solution File, Format Version 12.00
# Visual Studio Version 17
VisualStudioVersion = 17.3.32825.248
MinimumVisualStudioVersion = 10.0.40219.1
Project("{9A19103F-16F7-4668-BE54-9A1E7A4F7556}") = "HMS web", "HMS web.csproj", "{FC29AEEC-3C31-4FFB-BFF1-F90A08E628B5}"
EndProject
Global
	GlobalSection(SolutionConfigurationPlatforms) = preSolution
		Debug|Any CPU = Debug|Any CPU
		Release|Any CPU = Release|Any CPU
	EndGlobalSection
	GlobalSection(ProjectConfigurationPlatforms) = postSolution
		{FC29AEEC-3C31-4FFB-BFF1-F90A08E628B5}.Debug|Any CPU.ActiveCfg = Debug|Any CPU
		{FC29AEEC-3C31-4FFB-BFF1-F90A08E628B5}.Debug|Any CPU.Build.0 = Debug|Any CPU
		{FC29AEEC-3C31-4FFB-BFF1-F90A08E628B5}.Release|Any CPU.ActiveCfg = Release|Any CPU
		{FC29AEEC-3C31-4FFB-BFF1-F90A08E628B5}.Release|Any CPU.Build.0 = Release|Any CPU
	EndGlobalSection
	GlobalSection(SolutionProperties) = preSolution
		HideSolutionNode = FALSE
	EndGlobalSection
	GlobalSection(ExtensibilityGlobals) = postSolution
		SolutionGuid = {E2FBC246-5AFF-4DB2-A6A0-8CA022E4C122}
	EndGlobalSection
EndGlobal
